// !$*UTF8*$!
{
	archiveVersion = 1;
	classes = {
	};
	objectVersion = 46;
	objects = {

/* Begin PBXBuildFile section */
		D4CD86801A735347001727F2 /* main.m in Sources */ = {isa = PBXBuildFile; fileRef = D4CD867F1A735347001727F2 /* main.m */; };
		D4CD86A01A735469001727F2 /* AppKit.framework in Frameworks */ = {isa = PBXBuildFile; fileRef = D4CD869A1A735469001727F2 /* AppKit.framework */; };
		D4CD86A11A735469001727F2 /* Cocoa.framework in Frameworks */ = {isa = PBXBuildFile; fileRef = D4CD869B1A735469001727F2 /* Cocoa.framework */; };
		D4CD86A21A735469001727F2 /* CoreAudio.framework in Frameworks */ = {isa = PBXBuildFile; fileRef = D4CD869C1A735469001727F2 /* CoreAudio.framework */; };
		D4CD86A31A735469001727F2 /* CoreFoundation.framework in Frameworks */ = {isa = PBXBuildFile; fileRef = D4CD869D1A735469001727F2 /* CoreFoundation.framework */; };
		D4CD86A41A735469001727F2 /* OpenAL.framework in Frameworks */ = {isa = PBXBuildFile; fileRef = D4CD869E1A735469001727F2 /* OpenAL.framework */; };
		D4CD86A51A735469001727F2 /* OpenGL.framework in Frameworks */ = {isa = PBXBuildFile; fileRef = D4CD869F1A735469001727F2 /* OpenGL.framework */; };
		D4CD86B21A7354A1001727F2 /* liballegro_acodec-static.a in Frameworks */ = {isa = PBXBuildFile; fileRef = D4CD86A61A7354A1001727F2 /* liballegro_acodec-static.a */; };
		D4CD86B31A7354A1001727F2 /* liballegro_audio-static.a in Frameworks */ = {isa = PBXBuildFile; fileRef = D4CD86A71A7354A1001727F2 /* liballegro_audio-static.a */; };
		D4CD86B41A7354A1001727F2 /* liballegro_color-static.a in Frameworks */ = {isa = PBXBuildFile; fileRef = D4CD86A81A7354A1001727F2 /* liballegro_color-static.a */; };
		D4CD86B51A7354A1001727F2 /* liballegro_dialog-static.a in Frameworks */ = {isa = PBXBuildFile; fileRef = D4CD86A91A7354A1001727F2 /* liballegro_dialog-static.a */; };
		D4CD86B61A7354A1001727F2 /* liballegro_font-static.a in Frameworks */ = {isa = PBXBuildFile; fileRef = D4CD86AA1A7354A1001727F2 /* liballegro_font-static.a */; };
		D4CD86B71A7354A1001727F2 /* liballegro_image-static.a in Frameworks */ = {isa = PBXBuildFile; fileRef = D4CD86AB1A7354A1001727F2 /* liballegro_image-static.a */; };
		D4CD86B81A7354A1001727F2 /* liballegro_main-static.a in Frameworks */ = {isa = PBXBuildFile; fileRef = D4CD86AC1A7354A1001727F2 /* liballegro_main-static.a */; };
		D4CD86B91A7354A1001727F2 /* liballegro_memfile-static.a in Frameworks */ = {isa = PBXBuildFile; fileRef = D4CD86AD1A7354A1001727F2 /* liballegro_memfile-static.a */; };
		D4CD86BA1A7354A1001727F2 /* liballegro_physfs-static.a in Frameworks */ = {isa = PBXBuildFile; fileRef = D4CD86AE1A7354A1001727F2 /* liballegro_physfs-static.a */; };
		D4CD86BB1A7354A1001727F2 /* liballegro_primitives-static.a in Frameworks */ = {isa = PBXBuildFile; fileRef = D4CD86AF1A7354A1001727F2 /* liballegro_primitives-static.a */; };
		D4CD86BC1A7354A1001727F2 /* liballegro_ttf-static.a in Frameworks */ = {isa = PBXBuildFile; fileRef = D4CD86B01A7354A1001727F2 /* liballegro_ttf-static.a */; };
		D4CD86BD1A7354A1001727F2 /* liballegro-static.a in Frameworks */ = {isa = PBXBuildFile; fileRef = D4CD86B11A7354A1001727F2 /* liballegro-static.a */; };
		D4CD86BF1A735547001727F2 /* IOKit.framework in Frameworks */ = {isa = PBXBuildFile; fileRef = D4CD86BE1A735547001727F2 /* IOKit.framework */; };
/* End PBXBuildFile section */

/* Begin PBXFileReference section */
		D4CD86771A735347001727F2 /* TestThreads.app */ = {isa = PBXFileReference; explicitFileType = wrapper.application; includeInIndex = 0; path = TestThreads.app; sourceTree = BUILT_PRODUCTS_DIR; };
		D4CD867B1A735347001727F2 /* Info.plist */ = {isa = PBXFileReference; lastKnownFileType = text.plist.xml; path = Info.plist; sourceTree = "<group>"; };
		D4CD867F1A735347001727F2 /* main.m */ = {isa = PBXFileReference; lastKnownFileType = sourcecode.c.objc; path = main.m; sourceTree = "<group>"; };
		D4CD869A1A735469001727F2 /* AppKit.framework */ = {isa = PBXFileReference; lastKnownFileType = wrapper.framework; name = AppKit.framework; path = System/Library/Frameworks/AppKit.framework; sourceTree = SDKROOT; };
		D4CD869B1A735469001727F2 /* Cocoa.framework */ = {isa = PBXFileReference; lastKnownFileType = wrapper.framework; name = Cocoa.framework; path = System/Library/Frameworks/Cocoa.framework; sourceTree = SDKROOT; };
		D4CD869C1A735469001727F2 /* CoreAudio.framework */ = {isa = PBXFileReference; lastKnownFileType = wrapper.framework; name = CoreAudio.framework; path = System/Library/Frameworks/CoreAudio.framework; sourceTree = SDKROOT; };
		D4CD869D1A735469001727F2 /* CoreFoundation.framework */ = {isa = PBXFileReference; lastKnownFileType = wrapper.framework; name = CoreFoundation.framework; path = System/Library/Frameworks/CoreFoundation.framework; sourceTree = SDKROOT; };
		D4CD869E1A735469001727F2 /* OpenAL.framework */ = {isa = PBXFileReference; lastKnownFileType = wrapper.framework; name = OpenAL.framework; path = System/Library/Frameworks/OpenAL.framework; sourceTree = SDKROOT; };
		D4CD869F1A735469001727F2 /* OpenGL.framework */ = {isa = PBXFileReference; lastKnownFileType = wrapper.framework; name = OpenGL.framework; path = System/Library/Frameworks/OpenGL.framework; sourceTree = SDKROOT; };
		D4CD86A61A7354A1001727F2 /* liballegro_acodec-static.a */ = {isa = PBXFileReference; lastKnownFileType = archive.ar; name = "liballegro_acodec-static.a"; path = "/usr/local/lib/liballegro_acodec-static.a"; sourceTree = "<absolute>"; };
		D4CD86A71A7354A1001727F2 /* liballegro_audio-static.a */ = {isa = PBXFileReference; lastKnownFileType = archive.ar; name = "liballegro_audio-static.a"; path = "/usr/local/lib/liballegro_audio-static.a"; sourceTree = "<absolute>"; };
		D4CD86A81A7354A1001727F2 /* liballegro_color-static.a */ = {isa = PBXFileReference; lastKnownFileType = archive.ar; name = "liballegro_color-static.a"; path = "/usr/local/lib/liballegro_color-static.a"; sourceTree = "<absolute>"; };
		D4CD86A91A7354A1001727F2 /* liballegro_dialog-static.a */ = {isa = PBXFileReference; lastKnownFileType = archive.ar; name = "liballegro_dialog-static.a"; path = "/usr/local/lib/liballegro_dialog-static.a"; sourceTree = "<absolute>"; };
		D4CD86AA1A7354A1001727F2 /* liballegro_font-static.a */ = {isa = PBXFileReference; lastKnownFileType = archive.ar; name = "liballegro_font-static.a"; path = "/usr/local/lib/liballegro_font-static.a"; sourceTree = "<absolute>"; };
		D4CD86AB1A7354A1001727F2 /* liballegro_image-static.a */ = {isa = PBXFileReference; lastKnownFileType = archive.ar; name = "liballegro_image-static.a"; path = "/usr/local/lib/liballegro_image-static.a"; sourceTree = "<absolute>"; };
		D4CD86AC1A7354A1001727F2 /* liballegro_main-static.a */ = {isa = PBXFileReference; lastKnownFileType = archive.ar; name = "liballegro_main-static.a"; path = "/usr/local/lib/liballegro_main-static.a"; sourceTree = "<absolute>"; };
		D4CD86AD1A7354A1001727F2 /* liballegro_memfile-static.a */ = {isa = PBXFileReference; lastKnownFileType = archive.ar; name = "liballegro_memfile-static.a"; path = "/usr/local/lib/liballegro_memfile-static.a"; sourceTree = "<absolute>"; };
		D4CD86AE1A7354A1001727F2 /* liballegro_physfs-static.a */ = {isa = PBXFileReference; lastKnownFileType = archive.ar; name = "liballegro_physfs-static.a"; path = "/usr/local/lib/liballegro_physfs-static.a"; sourceTree = "<absolute>"; };
		D4CD86AF1A7354A1001727F2 /* liballegro_primitives-static.a */ = {isa = PBXFileReference; lastKnownFileType = archive.ar; name = "liballegro_primitives-static.a"; path = "/usr/local/lib/liballegro_primitives-static.a"; sourceTree = "<absolute>"; };
		D4CD86B01A7354A1001727F2 /* liballegro_ttf-static.a */ = {isa = PBXFileReference; lastKnownFileType = archive.ar; name = "liballegro_ttf-static.a"; path = "/usr/local/lib/liballegro_ttf-static.a"; sourceTree = "<absolute>"; };
		D4CD86B11A7354A1001727F2 /* liballegro-static.a */ = {isa = PBXFileReference; lastKnownFileType = archive.ar; name = "liballegro-static.a"; path = "/usr/local/lib/liballegro-static.a"; sourceTree = "<absolute>"; };
		D4CD86BE1A735547001727F2 /* IOKit.framework */ = {isa = PBXFileReference; lastKnownFileType = wrapper.framework; name = IOKit.framework; path = System/Library/Frameworks/IOKit.framework; sourceTree = SDKROOT; };
/* End PBXFileReference section */

/* Begin PBXFrameworksBuildPhase section */
		D4CD86741A735347001727F2 /* Frameworks */ = {
			isa = PBXFrameworksBuildPhase;
			buildActionMask = 2147483647;
			files = (
				D4CD86B21A7354A1001727F2 /* liballegro_acodec-static.a in Frameworks */,
				D4CD86B31A7354A1001727F2 /* liballegro_audio-static.a in Frameworks */,
				D4CD86B41A7354A1001727F2 /* liballegro_color-static.a in Frameworks */,
				D4CD86B51A7354A1001727F2 /* liballegro_dialog-static.a in Frameworks */,
				D4CD86B61A7354A1001727F2 /* liballegro_font-static.a in Frameworks */,
				D4CD86B71A7354A1001727F2 /* liballegro_image-static.a in Frameworks */,
				D4CD86B81A7354A1001727F2 /* liballegro_main-static.a in Frameworks */,
				D4CD86B91A7354A1001727F2 /* liballegro_memfile-static.a in Frameworks */,
				D4CD86BA1A7354A1001727F2 /* liballegro_physfs-static.a in Frameworks */,
				D4CD86BB1A7354A1001727F2 /* liballegro_primitives-static.a in Frameworks */,
				D4CD86BC1A7354A1001727F2 /* liballegro_ttf-static.a in Frameworks */,
				D4CD86BD1A7354A1001727F2 /* liballegro-static.a in Frameworks */,
				D4CD86A01A735469001727F2 /* AppKit.framework in Frameworks */,
				D4CD86A11A735469001727F2 /* Cocoa.framework in Frameworks */,
				D4CD86A21A735469001727F2 /* CoreAudio.framework in Frameworks */,
				D4CD86A31A735469001727F2 /* CoreFoundation.framework in Frameworks */,
				D4CD86BF1A735547001727F2 /* IOKit.framework in Frameworks */,
				D4CD86A41A735469001727F2 /* OpenAL.framework in Frameworks */,
				D4CD86A51A735469001727F2 /* OpenGL.framework in Frameworks */,
			);
			runOnlyForDeploymentPostprocessing = 0;
		};
/* End PBXFrameworksBuildPhase section */

/* Begin PBXGroup section */
		D4CD866E1A735347001727F2 = {
			isa = PBXGroup;
			children = (
				D4CD86C01A7355A2001727F2 /* Libraries and Frameworks */,
				D4CD86791A735347001727F2 /* TestThreads */,
				D4CD86781A735347001727F2 /* Products */,
			);
			sourceTree = "<group>";
		};
		D4CD86781A735347001727F2 /* Products */ = {
			isa = PBXGroup;
			children = (
				D4CD86771A735347001727F2 /* TestThreads.app */,
			);
			name = Products;
			sourceTree = "<group>";
		};
		D4CD86791A735347001727F2 /* TestThreads */ = {
			isa = PBXGroup;
			children = (
				D4CD86C11A735735001727F2 /* Resources */,
				D4CD867A1A735347001727F2 /* Source Code */,
			);
			path = TestThreads;
			sourceTree = "<group>";
		};
		D4CD867A1A735347001727F2 /* Source Code */ = {
			isa = PBXGroup;
			children = (
				D4CD867B1A735347001727F2 /* Info.plist */,
				D4CD867F1A735347001727F2 /* main.m */,
			);
			name = "Source Code";
			sourceTree = "<group>";
		};
		D4CD86C01A7355A2001727F2 /* Libraries and Frameworks */ = {
			isa = PBXGroup;
			children = (
				D4CD86BE1A735547001727F2 /* IOKit.framework */,
				D4CD86A61A7354A1001727F2 /* liballegro_acodec-static.a */,
				D4CD86A71A7354A1001727F2 /* liballegro_audio-static.a */,
				D4CD86A81A7354A1001727F2 /* liballegro_color-static.a */,
				D4CD86A91A7354A1001727F2 /* liballegro_dialog-static.a */,
				D4CD86AA1A7354A1001727F2 /* liballegro_font-static.a */,
				D4CD86AB1A7354A1001727F2 /* liballegro_image-static.a */,
				D4CD86AC1A7354A1001727F2 /* liballegro_main-static.a */,
				D4CD86AD1A7354A1001727F2 /* liballegro_memfile-static.a */,
				D4CD86AE1A7354A1001727F2 /* liballegro_physfs-static.a */,
				D4CD86AF1A7354A1001727F2 /* liballegro_primitives-static.a */,
				D4CD86B01A7354A1001727F2 /* liballegro_ttf-static.a */,
				D4CD86B11A7354A1001727F2 /* liballegro-static.a */,
				D4CD869A1A735469001727F2 /* AppKit.framework */,
				D4CD869B1A735469001727F2 /* Cocoa.framework */,
				D4CD869C1A735469001727F2 /* CoreAudio.framework */,
				D4CD869D1A735469001727F2 /* CoreFoundation.framework */,
				D4CD869E1A735469001727F2 /* OpenAL.framework */,
				D4CD869F1A735469001727F2 /* OpenGL.framework */,
			);
			name = "Libraries and Frameworks";
			sourceTree = "<group>";
		};
		D4CD86C11A735735001727F2 /* Resources */ = {
			isa = PBXGroup;
			children = (
			);
			name = Resources;
			sourceTree = "<group>";
		};
/* End PBXGroup section */

/* Begin PBXNativeTarget section */
		D4CD86761A735347001727F2 /* TestThreads */ = {
			isa = PBXNativeTarget;
			buildConfigurationList = D4CD86941A735347001727F2 /* Build configuration list for PBXNativeTarget "TestThreads" */;
			buildPhases = (
				D4CD86731A735347001727F2 /* Sources */,
				D4CD86741A735347001727F2 /* Frameworks */,
				D4CD86751A735347001727F2 /* Resources */,
			);
			buildRules = (
			);
			dependencies = (
			);
			name = TestThreads;
			productName = TestThreads;
			productReference = D4CD86771A735347001727F2 /* TestThreads.app */;
			productType = "com.apple.product-type.application";
		};
/* End PBXNativeTarget section */

/* Begin PBXProject section */
		D4CD866F1A735347001727F2 /* Project object */ = {
			isa = PBXProject;
			attributes = {
				LastUpgradeCheck = 0610;
				ORGANIZATIONNAME = "Malcolm Harrow";
				TargetAttributes = {
					D4CD86761A735347001727F2 = {
						CreatedOnToolsVersion = 6.1.1;
					};
				};
			};
			buildConfigurationList = D4CD86721A735347001727F2 /* Build configuration list for PBXProject "TestThreads" */;
			compatibilityVersion = "Xcode 3.2";
			developmentRegion = English;
			hasScannedForEncodings = 0;
			knownRegions = (
				en,
				Base,
			);
			mainGroup = D4CD866E1A735347001727F2;
			productRefGroup = D4CD86781A735347001727F2 /* Products */;
			projectDirPath = "";
			projectRoot = "";
			targets = (
				D4CD86761A735347001727F2 /* TestThreads */,
			);
		};
/* End PBXProject section */

/* Begin PBXResourcesBuildPhase section */
		D4CD86751A735347001727F2 /* Resources */ = {
			isa = PBXResourcesBuildPhase;
			buildActionMask = 2147483647;
			files = (
			);
			runOnlyForDeploymentPostprocessing = 0;
		};
/* End PBXResourcesBuildPhase section */

/* Begin PBXSourcesBuildPhase section */
		D4CD86731A735347001727F2 /* Sources */ = {
			isa = PBXSourcesBuildPhase;
			buildActionMask = 2147483647;
			files = (
				D4CD86801A735347001727F2 /* main.m in Sources */,
			);
			runOnlyForDeploymentPostprocessing = 0;
		};
/* End PBXSourcesBuildPhase section */

/* Begin XCBuildConfiguration section */
		D4CD86921A735347001727F2 /* Debug */ = {
			isa = XCBuildConfiguration;
			buildSettings = {
				ALWAYS_SEARCH_USER_PATHS = NO;
				CLANG_CXX_LANGUAGE_STANDARD = "gnu++0x";
				CLANG_CXX_LIBRARY = "libc++";
				CLANG_ENABLE_MODULES = YES;
				CLANG_ENABLE_OBJC_ARC = YES;
				CLANG_WARN_BOOL_CONVERSION = YES;
				CLANG_WARN_CONSTANT_CONVERSION = YES;
				CLANG_WARN_DIRECT_OBJC_ISA_USAGE = YES_ERROR;
				CLANG_WARN_EMPTY_BODY = YES;
				CLANG_WARN_ENUM_CONVERSION = YES;
				CLANG_WARN_INT_CONVERSION = YES;
				CLANG_WARN_OBJC_ROOT_CLASS = YES_ERROR;
				CLANG_WARN_UNREACHABLE_CODE = YES;
				CLANG_WARN__DUPLICATE_METHOD_MATCH = YES;
				CODE_SIGN_IDENTITY = "-";
				COPY_PHASE_STRIP = NO;
				ENABLE_STRICT_OBJC_MSGSEND = YES;
				GCC_C_LANGUAGE_STANDARD = gnu99;
				GCC_DYNAMIC_NO_PIC = NO;
				GCC_OPTIMIZATION_LEVEL = 0;
				GCC_PREPROCESSOR_DEFINITIONS = (
					"DEBUG=1",
					"$(inherited)",
				);
				GCC_SYMBOLS_PRIVATE_EXTERN = NO;
				GCC_WARN_64_TO_32_BIT_CONVERSION = YES;
				GCC_WARN_ABOUT_RETURN_TYPE = YES_ERROR;
				GCC_WARN_UNDECLARED_SELECTOR = YES;
				GCC_WARN_UNINITIALIZED_AUTOS = YES_AGGRESSIVE;
				GCC_WARN_UNUSED_FUNCTION = YES;
				GCC_WARN_UNUSED_VARIABLE = YES;
				HEADER_SEARCH_PATHS = (
					"$(inherited)",
					/Applications/Xcode.app/Contents/Developer/Toolchains/XcodeDefault.xctoolchain/usr/include,
					/usr/local/include,
					/usr/local/include/Allegro5,
				);
				LIBRARY_SEARCH_PATHS = /usr/local/lib;
				MACOSX_DEPLOYMENT_TARGET = 10.9;
				MTL_ENABLE_DEBUG_INFO = YES;
				ONLY_ACTIVE_ARCH = YES;
				SDKROOT = macosx;
			};
			name = Debug;
		};
		D4CD86931A735347001727F2 /* Release */ = {
			isa = XCBuildConfiguration;
			buildSettings = {
				ALWAYS_SEARCH_USER_PATHS = NO;
				CLANG_CXX_LANGUAGE_STANDARD = "gnu++0x";
				CLANG_CXX_LIBRARY = "libc++";
				CLANG_ENABLE_MODULES = YES;
				CLANG_ENABLE_OBJC_ARC = YES;
				CLANG_WARN_BOOL_CONVERSION = YES;
				CLANG_WARN_CONSTANT_CONVERSION = YES;
				CLANG_WARN_DIRECT_OBJC_ISA_USAGE = YES_ERROR;
				CLANG_WARN_EMPTY_BODY = YES;
				CLANG_WARN_ENUM_CONVERSION = YES;
				CLANG_WARN_INT_CONVERSION = YES;
				CLANG_WARN_OBJC_ROOT_CLASS = YES_ERROR;
				CLANG_WARN_UNREACHABLE_CODE = YES;
				CLANG_WARN__DUPLICATE_METHOD_MATCH = YES;
				CODE_SIGN_IDENTITY = "-";
				COPY_PHASE_STRIP = YES;
				DEBUG_INFORMATION_FORMAT = "dwarf-with-dsym";
				ENABLE_NS_ASSERTIONS = NO;
				ENABLE_STRICT_OBJC_MSGSEND = YES;
				GCC_C_LANGUAGE_STANDARD = gnu99;
				GCC_WARN_64_TO_32_BIT_CONVERSION = YES;
				GCC_WARN_ABOUT_RETURN_TYPE = YES_ERROR;
				GCC_WARN_UNDECLARED_SELECTOR = YES;
				GCC_WARN_UNINITIALIZED_AUTOS = YES_AGGRESSIVE;
				GCC_WARN_UNUSED_FUNCTION = YES;
				GCC_WARN_UNUSED_VARIABLE = YES;
				HEADER_SEARCH_PATHS = (
					"$(inherited)",
					/Applications/Xcode.app/Contents/Developer/Toolchains/XcodeDefault.xctoolchain/usr/include,
					/usr/local/include,
					/usr/local/include/Allegro5,
				);
				LIBRARY_SEARCH_PATHS = /usr/local/lib;
				MACOSX_DEPLOYMENT_TARGET = 10.9;
				MTL_ENABLE_DEBUG_INFO = NO;
				SDKROOT = macosx;
			};
			name = Release;
		};
		D4CD86951A735347001727F2 /* Debug */ = {
			isa = XCBuildConfiguration;
			buildSettings = {
				ASSETCATALOG_COMPILER_APPICON_NAME = AppIcon;
				COMBINE_HIDPI_IMAGES = YES;
				INFOPLIST_FILE = TestThreads/Info.plist;
				LD_RUNPATH_SEARCH_PATHS = "$(inherited) @executable_path/../Frameworks";
				PRODUCT_NAME = "$(TARGET_NAME)";
			};
			name = Debug;
		};
		D4CD86961A735347001727F2 /* Release */ = {
			isa = XCBuildConfiguration;
			buildSettings = {
				ASSETCATALOG_COMPILER_APPICON_NAME = AppIcon;
				COMBINE_HIDPI_IMAGES = YES;
				INFOPLIST_FILE = TestThreads/Info.plist;
				LD_RUNPATH_SEARCH_PATHS = "$(inherited) @executable_path/../Frameworks";
				PRODUCT_NAME = "$(TARGET_NAME)";
			};
			name = Release;
		};
/* End XCBuildConfiguration section */

/* Begin XCConfigurationList section */
		D4CD86721A735347001727F2 /* Build configuration list for PBXProject "TestThreads" */ = {
			isa = XCConfigurationList;
			buildConfigurations = (
				D4CD86921A735347001727F2 /* Debug */,
				D4CD86931A735347001727F2 /* Release */,
			);
			defaultConfigurationIsVisible = 0;
			defaultConfigurationName = Release;
		};
		D4CD86941A735347001727F2 /* Build configuration list for PBXNativeTarget "TestThreads" */ = {
			isa = XCConfigurationList;
			buildConfigurations = (
				D4CD86951A735347001727F2 /* Debug */,
				D4CD86961A735347001727F2 /* Release */,
			);
			defaultConfigurationIsVisible = 0;
		};
/* End XCConfigurationList section */
	};
	rootObject = D4CD866F1A735347001727F2 /* Project object */;
}
